
Microsoft Visual Studio Solution File, Format Version 12.00
# Visual Studio 2012
Project("{FAE04EC0-301F-11D3-BF4B-00C04F79EFBC}") = "Wollump", "Wollump\Wollump.csproj", "{420EEF13-678F-428F-9AFE-6FB71CE48E80}"
EndProject
Project("{2150E333-8FDC-42A3-9474-1A3956D46DE8}") = ".nuget", ".nuget", "{56698148-6679-4D73-90BF-F5BEC672A06D}"
	ProjectSection(SolutionItems) = preProject
		.nuget\NuGet.Config = .nuget\NuGet.Config
		.nuget\NuGet.exe = .nuget\NuGet.exe
		.nuget\NuGet.targets = .nuget\NuGet.targets
	EndProjectSection
EndProject
Global
	GlobalSection(SolutionConfigurationPlatforms) = preSolution
		Debug|Any CPU = Debug|Any CPU
		Release|Any CPU = Release|Any CPU
	EndGlobalSection
	GlobalSection(ProjectConfigurationPlatforms) = postSolution
		{420EEF13-678F-428F-9AFE-6FB71CE48E80}.Debug|Any CPU.ActiveCfg = Debug|Any CPU
		{420EEF13-678F-428F-9AFE-6FB71CE48E80}.Debug|Any CPU.Build.0 = Debug|Any CPU
		{420EEF13-678F-428F-9AFE-6FB71CE48E80}.Release|Any CPU.ActiveCfg = Release|Any CPU
		{420EEF13-678F-428F-9AFE-6FB71CE48E80}.Release|Any CPU.Build.0 = Release|Any CPU
	EndGlobalSection
	GlobalSection(SolutionProperties) = preSolution
		HideSolutionNode = FALSE
	EndGlobalSection
EndGlobal
